
Microsoft Visual Studio Solution File, Format Version 12.00
# Visual Studio 15
VisualStudioVersion = 15.0.28010.2026
MinimumVisualStudioVersion = 10.0.40219.1
Project("{9A19103F-16F7-4668-BE54-9A1E7A4F7556}") = "BBCWebAPI", "BBCWebAPI\BBCWebAPI.csproj", "{B0220483-BC9F-4700-BEB2-94EDD186D206}"
EndProject
Global
	GlobalSection(SolutionConfigurationPlatforms) = preSolution
		Debug|Any CPU = Debug|Any CPU
		Release|Any CPU = Release|Any CPU
	EndGlobalSection
	GlobalSection(ProjectConfigurationPlatforms) = postSolution
		{B0220483-BC9F-4700-BEB2-94EDD186D206}.Debug|Any CPU.ActiveCfg = Debug|Any CPU
		{B0220483-BC9F-4700-BEB2-94EDD186D206}.Debug|Any CPU.Build.0 = Debug|Any CPU
		{B0220483-BC9F-4700-BEB2-94EDD186D206}.Release|Any CPU.ActiveCfg = Release|Any CPU
		{B0220483-BC9F-4700-BEB2-94EDD186D206}.Release|Any CPU.Build.0 = Release|Any CPU
	EndGlobalSection
	GlobalSection(SolutionProperties) = preSolution
		HideSolutionNode = FALSE
	EndGlobalSection
	GlobalSection(ExtensibilityGlobals) = postSolution
		SolutionGuid = {2E51FDBB-3B4B-461C-8CBC-B19EEFF9C8AA}
	EndGlobalSection
EndGlobal
